dependencies:
- name: dex
  repository: https://charts.dexidp.io
  version: 0.12.1
- name: kpack
  repository: ""
  version: 0.1.0
- name: loki-stack
  repository: https://grafana.github.io/helm-charts
  version: 2.8.4
- name: opentelemetry-collector
  repository: https://open-telemetry.github.io/opentelemetry-helm-charts
  version: 0.38.0
- name: base
  repository: https://istio-release.storage.googleapis.com/charts
  version: 1.15.2
- name: istiod
  repository: https://istio-release.storage.googleapis.com/charts
  version: 1.15.2
- name: mongodb
  repository: https://charts.bitnami.com/bitnami
  version: 13.4.4
digest: sha256:cae05be55e25ffd4e06805abf8d9c213a8134ca40396412b620bf80808864153
generated: "2022-11-27T20:05:18.934748+08:00"
