dependencies:
- name: dex
  repository: https://charts.dexidp.io
  version: 0.12.1
- name: kpack
  repository: ""
  version: 0.1.0
- name: loki-stack
  repository: https://grafana.github.io/helm-charts
  version: 2.8.4
- name: opentelemetry-collector
  repository: https://open-telemetry.github.io/opentelemetry-helm-charts
  version: 0.38.0
- name: base
  repository: https://istio-release.storage.googleapis.com/charts
  version: 1.15.2
- name: istiod
  repository: https://istio-release.storage.googleapis.com/charts
  version: 1.15.2
- name: mongodb
  repository: https://charts.bitnami.com/bitnami
  version: 13.6.2
digest: sha256:f95c09e0681925899c5030c5412be5feeb5413169e7b15852d007ad5d0ee7274
generated: "2023-01-12T21:30:26.099716+08:00"
