dependencies:
- name: dex
  repository: https://charts.dexidp.io
  version: 0.12.1
- name: kpack
  repository: ""
  version: 0.1.0
- name: loki-stack
  repository: https://grafana.github.io/helm-charts
  version: 2.8.4
- name: opentelemetry-collector
  repository: https://open-telemetry.github.io/opentelemetry-helm-charts
  version: 0.38.0
- name: base
  repository: https://istio-release.storage.googleapis.com/charts
  version: 1.15.2
- name: istiod
  repository: https://istio-release.storage.googleapis.com/charts
  version: 1.15.2
- name: istio-ingress
  repository: file://../../../../oss/istio/manifests/charts/gateways/istio-ingress/
  version: 1.0.0
- name: mongodb
  repository: https://charts.bitnami.com/bitnami
  version: 13.4.4
digest: sha256:68cd3b4ede1fc1bb86a53ed284339c2dd71585d806e3f4fbcd6b6f3458b5cc33
generated: "2022-11-20T00:11:25.676926+08:00"
